<?xml version="1.0" encoding="utf-8"?>
<Project ToolsVersion="4.0" xmlns="http://schemas.microsoft.com/developer/msbuild/2003">
  <ItemGroup>
    <Filter Include="Source Files">
      <UniqueIdentifier>{4FC737F1-C7A5-4376-A066-2A32D752A2FF}</UniqueIdentifier>
      <Extensions>cpp;c;cc;cxx;def;odl;idl;hpj;bat;asm;asmx</Extensions>
    </Filter>
    <Filter Include="Header Files">
      <UniqueIdentifier>{93995380-89BD-4b04-88EB-625FBE52EBFB}</UniqueIdentifier>
      <Extensions>h;hpp;hxx;hm;inl;inc;xsd</Extensions>
    </Filter>
    <Filter Include="Resource Files">
      <UniqueIdentifier>{67DA6AB6-F800-4c08-8B7A-83BB121AAD01}</UniqueIdentifier>
      <Extensions>rc;ico;cur;bmp;dlg;rc2;rct;bin;rgs;gif;jpg;jpeg;jpe;resx;tiff;tif;png;wav;mfcribbon-ms</Extensions>
    </Filter>
  </ItemGroup>
  <ItemGroup>
    <ClCompile Include="src\Card.cpp">
      <Filter>Source Files</Filter>
    </ClCompile>
    <ClCompile Include="src\RandomNumber.cpp">
      <Filter>Source Files</Filter>
    </ClCompile>
    <ClCompile Include="src\Decision.cpp">
      <Filter>Source Files</Filter>
    </ClCompile>
    <ClCompile Include="src\Dominion.cpp">
      <Filter>Source Files</Filter>
    </ClCompile>
    <ClCompile Include="src\mtrand.cpp">
      <Filter>Source Files</Filter>
    </ClCompile>
    <ClCompile Include="src\OrderedDeck.cpp">
      <Filter>Source Files</Filter>
    </ClCompile>
    <ClCompile Include="src\Player.cpp">
      <Filter>Source Files</Filter>
    </ClCompile>
    <ClCompile Include="src\Board.cpp">
      <Filter>Source Files</Filter>
    </ClCompile>
    <ClCompile Include="src\cards\CellarCard.cpp">
      <Filter>Source Files</Filter>
    </ClCompile>
    <ClCompile Include="src\cards\AdventurerCard.cpp">
      <Filter>Source Files</Filter>
    </ClCompile>
    <ClCompile Include="src\cards\BureaucratCard.cpp">
      <Filter>Source Files</Filter>
    </ClCompile>
    <ClCompile Include="src\cards\ChancellorCard.cpp">
      <Filter>Source Files</Filter>
    </ClCompile>
    <ClCompile Include="src\cards\WorkshopCard.cpp">
      <Filter>Source Files</Filter>
    </ClCompile>
    <ClCompile Include="src\cards\ChapelCard.cpp">
      <Filter>Source Files</Filter>
    </ClCompile>
    <ClCompile Include="src\cards\CopperCard.cpp">
      <Filter>Source Files</Filter>
    </ClCompile>
    <ClCompile Include="src\cards\CouncilRoomCard.cpp">
      <Filter>Source Files</Filter>
    </ClCompile>
    <ClCompile Include="src\cards\CurseCard.cpp">
      <Filter>Source Files</Filter>
    </ClCompile>
    <ClCompile Include="src\cards\DuchyCard.cpp">
      <Filter>Source Files</Filter>
    </ClCompile>
    <ClCompile Include="src\cards\EstateCard.cpp">
      <Filter>Source Files</Filter>
    </ClCompile>
    <ClCompile Include="src\cards\FeastCard.cpp">
      <Filter>Source Files</Filter>
    </ClCompile>
    <ClCompile Include="src\cards\FestivalCard.cpp">
      <Filter>Source Files</Filter>
    </ClCompile>
    <ClCompile Include="src\cards\GardensCard.cpp">
      <Filter>Source Files</Filter>
    </ClCompile>
    <ClCompile Include="src\cards\GoldCard.cpp">
      <Filter>Source Files</Filter>
    </ClCompile>
    <ClCompile Include="src\cards\LaboratoryCard.cpp">
      <Filter>Source Files</Filter>
    </ClCompile>
    <ClCompile Include="src\cards\LibraryCard.cpp">
      <Filter>Source Files</Filter>
    </ClCompile>
    <ClCompile Include="src\cards\MarketCard.cpp">
      <Filter>Source Files</Filter>
    </ClCompile>
    <ClCompile Include="src\cards\MilitiaCard.cpp">
      <Filter>Source Files</Filter>
    </ClCompile>
    <ClCompile Include="src\cards\MineCard.cpp">
      <Filter>Source Files</Filter>
    </ClCompile>
    <ClCompile Include="src\cards\MoatCard.cpp">
      <Filter>Source Files</Filter>
    </ClCompile>
    <ClCompile Include="src\cards\MoneylenderCard.cpp">
      <Filter>Source Files</Filter>
    </ClCompile>
    <ClCompile Include="src\cards\ProvinceCard.cpp">
      <Filter>Source Files</Filter>
    </ClCompile>
    <ClCompile Include="src\cards\RemodelCard.cpp">
      <Filter>Source Files</Filter>
    </ClCompile>
    <ClCompile Include="src\cards\SilverCard.cpp">
      <Filter>Source Files</Filter>
    </ClCompile>
    <ClCompile Include="src\cards\SmithyCard.cpp">
      <Filter>Source Files</Filter>
    </ClCompile>
    <ClCompile Include="src\cards\SpyCard.cpp">
      <Filter>Source Files</Filter>
    </ClCompile>
    <ClCompile Include="src\cards\ThiefCard.cpp">
      <Filter>Source Files</Filter>
    </ClCompile>
    <ClCompile Include="src\cards\ThroneRoomCard.cpp">
      <Filter>Source Files</Filter>
    </ClCompile>
    <ClCompile Include="src\cards\VillageCard.cpp">
      <Filter>Source Files</Filter>
    </ClCompile>
    <ClCompile Include="src\cards\WitchCard.cpp">
      <Filter>Source Files</Filter>
    </ClCompile>
    <ClCompile Include="src\cards\WoodcutterCard.cpp">
      <Filter>Source Files</Filter>
    </ClCompile>
    <ClCompile Include="src\CardDefinition.cpp">
      <Filter>Source Files</Filter>
    </ClCompile>
    <ClCompile Include="src\Cards.cpp">
      <Filter>Source Files</Filter>
    </ClCompile>
    <ClCompile Include="src\PacketID.cpp">
      <Filter>Source Files</Filter>
    </ClCompile>
  </ItemGroup>
  <ItemGroup>
    <ClInclude Include="include\RandomNumber.h">
      <Filter>Header Files</Filter>
    </ClInclude>
    <ClInclude Include="include\Card.h">
      <Filter>Header Files</Filter>
    </ClInclude>
    <ClInclude Include="include\Decision.h">
      <Filter>Header Files</Filter>
    </ClInclude>
    <ClInclude Include="include\mtrand.h">
      <Filter>Header Files</Filter>
    </ClInclude>
    <ClInclude Include="include\OrderedDeck.h">
      <Filter>Header Files</Filter>
    </ClInclude>
    <ClInclude Include="include\Player.h">
      <Filter>Header Files</Filter>
    </ClInclude>
    <ClInclude Include="include\Board.h">
      <Filter>Header Files</Filter>
    </ClInclude>
    <ClInclude Include="include\Cards.h">
      <Filter>Header Files</Filter>
    </ClInclude>
    <ClInclude Include="include\cards\CellarCard.h">
      <Filter>Header Files</Filter>
    </ClInclude>
    <ClInclude Include="include\cards\AdventurerCard.h">
      <Filter>Header Files</Filter>
    </ClInclude>
    <ClInclude Include="include\cards\BureaucratCard.h">
      <Filter>Header Files</Filter>
    </ClInclude>
    <ClInclude Include="include\cards\ChancellorCard.h">
      <Filter>Header Files</Filter>
    </ClInclude>
    <ClInclude Include="include\cards\WorkshopCard.h">
      <Filter>Header Files</Filter>
    </ClInclude>
    <ClInclude Include="include\cards\ChapelCard.h">
      <Filter>Header Files</Filter>
    </ClInclude>
    <ClInclude Include="include\cards\CopperCard.h">
      <Filter>Header Files</Filter>
    </ClInclude>
    <ClInclude Include="include\cards\CouncilRoomCard.h">
      <Filter>Header Files</Filter>
    </ClInclude>
    <ClInclude Include="include\cards\CurseCard.h">
      <Filter>Header Files</Filter>
    </ClInclude>
    <ClInclude Include="include\cards\DuchyCard.h">
      <Filter>Header Files</Filter>
    </ClInclude>
    <ClInclude Include="include\cards\EstateCard.h">
      <Filter>Header Files</Filter>
    </ClInclude>
    <ClInclude Include="include\cards\FeastCard.h">
      <Filter>Header Files</Filter>
    </ClInclude>
    <ClInclude Include="include\cards\FestivalCard.h">
      <Filter>Header Files</Filter>
    </ClInclude>
    <ClInclude Include="include\cards\GardensCard.h">
      <Filter>Header Files</Filter>
    </ClInclude>
    <ClInclude Include="include\cards\GoldCard.h">
      <Filter>Header Files</Filter>
    </ClInclude>
    <ClInclude Include="include\cards\LaboratoryCard.h">
      <Filter>Header Files</Filter>
    </ClInclude>
    <ClInclude Include="include\cards\LibraryCard.h">
      <Filter>Header Files</Filter>
    </ClInclude>
    <ClInclude Include="include\cards\MarketCard.h">
      <Filter>Header Files</Filter>
    </ClInclude>
    <ClInclude Include="include\cards\MilitiaCard.h">
      <Filter>Header Files</Filter>
    </ClInclude>
    <ClInclude Include="include\cards\MineCard.h">
      <Filter>Header Files</Filter>
    </ClInclude>
    <ClInclude Include="include\cards\MoatCard.h">
      <Filter>Header Files</Filter>
    </ClInclude>
    <ClInclude Include="include\cards\MoneylenderCard.h">
      <Filter>Header Files</Filter>
    </ClInclude>
    <ClInclude Include="include\cards\ProvinceCard.h">
      <Filter>Header Files</Filter>
    </ClInclude>
    <ClInclude Include="include\cards\RemodelCard.h">
      <Filter>Header Files</Filter>
    </ClInclude>
    <ClInclude Include="include\cards\SilverCard.h">
      <Filter>Header Files</Filter>
    </ClInclude>
    <ClInclude Include="include\cards\SmithyCard.h">
      <Filter>Header Files</Filter>
    </ClInclude>
    <ClInclude Include="include\cards\SpyCard.h">
      <Filter>Header Files</Filter>
    </ClInclude>
    <ClInclude Include="include\cards\ThiefCard.h">
      <Filter>Header Files</Filter>
    </ClInclude>
    <ClInclude Include="include\cards\ThroneRoomCard.h">
      <Filter>Header Files</Filter>
    </ClInclude>
    <ClInclude Include="include\cards\VillageCard.h">
      <Filter>Header Files</Filter>
    </ClInclude>
    <ClInclude Include="include\cards\WitchCard.h">
      <Filter>Header Files</Filter>
    </ClInclude>
    <ClInclude Include="include\cards\WoodcutterCard.h">
      <Filter>Header Files</Filter>
    </ClInclude>
    <ClInclude Include="include\AllCardTypes.h">
      <Filter>Header Files</Filter>
    </ClInclude>
    <ClInclude Include="include\CardDefinition.h">
      <Filter>Header Files</Filter>
    </ClInclude>
    <ClInclude Include="include\PacketID.h">
      <Filter>Header Files</Filter>
    </ClInclude>
  </ItemGroup>
</Project>